
Microsoft Visual Studio Solution File, Format Version 12.00
# Visual Studio 14
VisualStudioVersion = 14.0.25123.0
MinimumVisualStudioVersion = 10.0.40219.1
Project("{520CFAE2-066D-4DC5-8A0F-FF5DF45006C5}") = "Sitecore.Support.451366", "Sitecore.Support.451366\Sitecore.Support.451366.csproj", "{8752FCC4-A06C-4216-80EB-D77F9D15E6B2}"
EndProject
Global
	GlobalSection(SolutionConfigurationPlatforms) = preSolution
		Debug|Any CPU = Debug|Any CPU
		Release|Any CPU = Release|Any CPU
	EndGlobalSection
	GlobalSection(ProjectConfigurationPlatforms) = postSolution
		{8752FCC4-A06C-4216-80EB-D77F9D15E6B2}.Debug|Any CPU.ActiveCfg = Debug|Any CPU
		{8752FCC4-A06C-4216-80EB-D77F9D15E6B2}.Debug|Any CPU.Build.0 = Debug|Any CPU
		{8752FCC4-A06C-4216-80EB-D77F9D15E6B2}.Release|Any CPU.ActiveCfg = Release|Any CPU
		{8752FCC4-A06C-4216-80EB-D77F9D15E6B2}.Release|Any CPU.Build.0 = Release|Any CPU
	EndGlobalSection
	GlobalSection(SolutionProperties) = preSolution
		HideSolutionNode = FALSE
	EndGlobalSection
EndGlobal
